<?xml version="1.0" encoding="utf-8"?>
<Project ToolsVersion="4.0" xmlns="http://schemas.microsoft.com/developer/msbuild/2003">
  <ItemGroup>
    <ClCompile Include="main.cpp" />
    <ClCompile Include="Interpreter.cpp" />
    <ClCompile Include="Display.cpp" />
    <ClCompile Include="Keyboard.cpp" />
    <ClCompile Include="Sound.cpp" />
    <ClCompile Include="Instructions.cpp" />
    <ClCompile Include="ImGuiWindow.cpp" />
  </ItemGroup>
  <ItemGroup>
    <ClInclude Include="Interpreter.h" />
    <ClInclude Include="Display.h" />
    <ClInclude Include="Keyboard.h" />
    <ClInclude Include="Sound.h" />
    <ClInclude Include="Instructions.h" />
    <ClInclude Include="ImGuiWindow.h" />
  </ItemGroup>
</Project>